// !$*UTF8*$!
{
	archiveVersion = 1;
	classes = {
	};
	objectVersion = 55;
	objects = {

/* Begin PBXBuildFile section */
		7D456B7E2709CA4400BC4C63 /* AppDelegate.swift in Sources */ = {isa = PBXBuildFile; fileRef = 7D456B7D2709CA4400BC4C63 /* AppDelegate.swift */; };
		7D456B802709CA4400BC4C63 /* SceneDelegate.swift in Sources */ = {isa = PBXBuildFile; fileRef = 7D456B7F2709CA4400BC4C63 /* SceneDelegate.swift */; };
		7D456B822709CA4400BC4C63 /* ViewController.swift in Sources */ = {isa = PBXBuildFile; fileRef = 7D456B812709CA4400BC4C63 /* ViewController.swift */; };
		7D456B872709CA4700BC4C63 /* Assets.xcassets in Resources */ = {isa = PBXBuildFile; fileRef = 7D456B862709CA4700BC4C63 /* Assets.xcassets */; };
		7D456B8A2709CA4700BC4C63 /* LaunchScreen.storyboard in Resources */ = {isa = PBXBuildFile; fileRef = 7D456B882709CA4700BC4C63 /* LaunchScreen.storyboard */; };
		7D456B952709CA4700BC4C63 /* Homework2Tests.swift in Sources */ = {isa = PBXBuildFile; fileRef = 7D456B942709CA4700BC4C63 /* Homework2Tests.swift */; };
		7D456B9F2709CA4700BC4C63 /* Homework2UITests.swift in Sources */ = {isa = PBXBuildFile; fileRef = 7D456B9E2709CA4700BC4C63 /* Homework2UITests.swift */; };
		7D456BA12709CA4700BC4C63 /* Homework2UITestsLaunchTests.swift in Sources */ = {isa = PBXBuildFile; fileRef = 7D456BA02709CA4700BC4C63 /* Homework2UITestsLaunchTests.swift */; };
		7D456BB12709CB4000BC4C63 /* UIViewController+Extensions.swift in Sources */ = {isa = PBXBuildFile; fileRef = 7D456BB02709CB4000BC4C63 /* UIViewController+Extensions.swift */; };
		7D456BB32709CBC600BC4C63 /* HomeViewController.swift in Sources */ = {isa = PBXBuildFile; fileRef = 7D456BB22709CBC600BC4C63 /* HomeViewController.swift */; };
		7D456BB62709CDD900BC4C63 /* HomeView.swift in Sources */ = {isa = PBXBuildFile; fileRef = 7D456BB52709CDD900BC4C63 /* HomeView.swift */; };
		7D456BC12709D5FD00BC4C63 /* UIView+Extensions.swift in Sources */ = {isa = PBXBuildFile; fileRef = 7D456BC02709D5FD00BC4C63 /* UIView+Extensions.swift */; };
		7D456BC32709ECE500BC4C63 /* Habibi.ttf in Resources */ = {isa = PBXBuildFile; fileRef = 7D456BC22709ECE500BC4C63 /* Habibi.ttf */; };
		7D456BC9270A29C500BC4C63 /* Color.xcassets in Resources */ = {isa = PBXBuildFile; fileRef = 7D456BC8270A29C500BC4C63 /* Color.xcassets */; };
		7D456BCB270A300D00BC4C63 /* HomeVCViewOutput.swift in Sources */ = {isa = PBXBuildFile; fileRef = 7D456BCA270A300D00BC4C63 /* HomeVCViewOutput.swift */; };
		7D456BCF270A345600BC4C63 /* MessagesView.swift in Sources */ = {isa = PBXBuildFile; fileRef = 7D456BCE270A345600BC4C63 /* MessagesView.swift */; };
		7D456BD1270A346300BC4C63 /* MessagesViewController.swift in Sources */ = {isa = PBXBuildFile; fileRef = 7D456BD0270A346300BC4C63 /* MessagesViewController.swift */; };
		7D456BD3270A347800BC4C63 /* MessagesVCViewOutput.swift in Sources */ = {isa = PBXBuildFile; fileRef = 7D456BD2270A347800BC4C63 /* MessagesVCViewOutput.swift */; };
		7D456BD6270A551100BC4C63 /* ChatTableViewCell.swift in Sources */ = {isa = PBXBuildFile; fileRef = 7D456BD5270A551100BC4C63 /* ChatTableViewCell.swift */; };
		7D456BD9270A5BA300BC4C63 /* Sender.swift in Sources */ = {isa = PBXBuildFile; fileRef = 7D456BD8270A5BA300BC4C63 /* Sender.swift */; };
/* End PBXBuildFile section */

/* Begin PBXContainerItemProxy section */
		7D456B912709CA4700BC4C63 /* PBXContainerItemProxy */ = {
			isa = PBXContainerItemProxy;
			containerPortal = 7D456B722709CA4400BC4C63 /* Project object */;
			proxyType = 1;
			remoteGlobalIDString = 7D456B792709CA4400BC4C63;
			remoteInfo = Homework2;
		};
		7D456B9B2709CA4700BC4C63 /* PBXContainerItemProxy */ = {
			isa = PBXContainerItemProxy;
			containerPortal = 7D456B722709CA4400BC4C63 /* Project object */;
			proxyType = 1;
			remoteGlobalIDString = 7D456B792709CA4400BC4C63;
			remoteInfo = Homework2;
		};
/* End PBXContainerItemProxy section */

/* Begin PBXFileReference section */
		7D456B7A2709CA4400BC4C63 /* Homework2.app */ = {isa = PBXFileReference; explicitFileType = wrapper.application; includeInIndex = 0; path = Homework2.app; sourceTree = BUILT_PRODUCTS_DIR; };
		7D456B7D2709CA4400BC4C63 /* AppDelegate.swift */ = {isa = PBXFileReference; lastKnownFileType = sourcecode.swift; path = AppDelegate.swift; sourceTree = "<group>"; };
		7D456B7F2709CA4400BC4C63 /* SceneDelegate.swift */ = {isa = PBXFileReference; lastKnownFileType = sourcecode.swift; path = SceneDelegate.swift; sourceTree = "<group>"; };
		7D456B812709CA4400BC4C63 /* ViewController.swift */ = {isa = PBXFileReference; lastKnownFileType = sourcecode.swift; path = ViewController.swift; sourceTree = "<group>"; };
		7D456B862709CA4700BC4C63 /* Assets.xcassets */ = {isa = PBXFileReference; lastKnownFileType = folder.assetcatalog; path = Assets.xcassets; sourceTree = "<group>"; };
		7D456B892709CA4700BC4C63 /* Base */ = {isa = PBXFileReference; lastKnownFileType = file.storyboard; name = Base; path = Base.lproj/LaunchScreen.storyboard; sourceTree = "<group>"; };
		7D456B8B2709CA4700BC4C63 /* Info.plist */ = {isa = PBXFileReference; lastKnownFileType = text.plist.xml; path = Info.plist; sourceTree = "<group>"; };
		7D456B902709CA4700BC4C63 /* Homework2Tests.xctest */ = {isa = PBXFileReference; explicitFileType = wrapper.cfbundle; includeInIndex = 0; path = Homework2Tests.xctest; sourceTree = BUILT_PRODUCTS_DIR; };
		7D456B942709CA4700BC4C63 /* Homework2Tests.swift */ = {isa = PBXFileReference; lastKnownFileType = sourcecode.swift; path = Homework2Tests.swift; sourceTree = "<group>"; };
		7D456B9A2709CA4700BC4C63 /* Homework2UITests.xctest */ = {isa = PBXFileReference; explicitFileType = wrapper.cfbundle; includeInIndex = 0; path = Homework2UITests.xctest; sourceTree = BUILT_PRODUCTS_DIR; };
		7D456B9E2709CA4700BC4C63 /* Homework2UITests.swift */ = {isa = PBXFileReference; lastKnownFileType = sourcecode.swift; path = Homework2UITests.swift; sourceTree = "<group>"; };
		7D456BA02709CA4700BC4C63 /* Homework2UITestsLaunchTests.swift */ = {isa = PBXFileReference; lastKnownFileType = sourcecode.swift; path = Homework2UITestsLaunchTests.swift; sourceTree = "<group>"; };
		7D456BB02709CB4000BC4C63 /* UIViewController+Extensions.swift */ = {isa = PBXFileReference; lastKnownFileType = sourcecode.swift; path = "UIViewController+Extensions.swift"; sourceTree = "<group>"; };
		7D456BB22709CBC600BC4C63 /* HomeViewController.swift */ = {isa = PBXFileReference; lastKnownFileType = sourcecode.swift; path = HomeViewController.swift; sourceTree = "<group>"; };
		7D456BB52709CDD900BC4C63 /* HomeView.swift */ = {isa = PBXFileReference; lastKnownFileType = sourcecode.swift; path = HomeView.swift; sourceTree = "<group>"; };
		7D456BC02709D5FD00BC4C63 /* UIView+Extensions.swift */ = {isa = PBXFileReference; lastKnownFileType = sourcecode.swift; path = "UIView+Extensions.swift"; sourceTree = "<group>"; };
		7D456BC22709ECE500BC4C63 /* Habibi.ttf */ = {isa = PBXFileReference; lastKnownFileType = file; name = Habibi.ttf; path = Homework2/Fonts/Habibi.ttf; sourceTree = SOURCE_ROOT; };
		7D456BC8270A29C500BC4C63 /* Color.xcassets */ = {isa = PBXFileReference; lastKnownFileType = folder.assetcatalog; path = Color.xcassets; sourceTree = "<group>"; };
		7D456BCA270A300D00BC4C63 /* HomeVCViewOutput.swift */ = {isa = PBXFileReference; lastKnownFileType = sourcecode.swift; path = HomeVCViewOutput.swift; sourceTree = "<group>"; };
		7D456BCE270A345600BC4C63 /* MessagesView.swift */ = {isa = PBXFileReference; lastKnownFileType = sourcecode.swift; path = MessagesView.swift; sourceTree = "<group>"; };
		7D456BD0270A346300BC4C63 /* MessagesViewController.swift */ = {isa = PBXFileReference; lastKnownFileType = sourcecode.swift; path = MessagesViewController.swift; sourceTree = "<group>"; };
		7D456BD2270A347800BC4C63 /* MessagesVCViewOutput.swift */ = {isa = PBXFileReference; lastKnownFileType = sourcecode.swift; path = MessagesVCViewOutput.swift; sourceTree = "<group>"; };
		7D456BD5270A551100BC4C63 /* ChatTableViewCell.swift */ = {isa = PBXFileReference; lastKnownFileType = sourcecode.swift; path = ChatTableViewCell.swift; sourceTree = "<group>"; };
		7D456BD8270A5BA300BC4C63 /* Sender.swift */ = {isa = PBXFileReference; lastKnownFileType = sourcecode.swift; path = Sender.swift; sourceTree = "<group>"; };
/* End PBXFileReference section */

/* Begin PBXFrameworksBuildPhase section */
		7D456B772709CA4400BC4C63 /* Frameworks */ = {
			isa = PBXFrameworksBuildPhase;
			buildActionMask = 2147483647;
			files = (
			);
			runOnlyForDeploymentPostprocessing = 0;
		};
		7D456B8D2709CA4700BC4C63 /* Frameworks */ = {
			isa = PBXFrameworksBuildPhase;
			buildActionMask = 2147483647;
			files = (
			);
			runOnlyForDeploymentPostprocessing = 0;
		};
		7D456B972709CA4700BC4C63 /* Frameworks */ = {
			isa = PBXFrameworksBuildPhase;
			buildActionMask = 2147483647;
			files = (
			);
			runOnlyForDeploymentPostprocessing = 0;
		};
/* End PBXFrameworksBuildPhase section */

/* Begin PBXGroup section */
		7D456B712709CA4400BC4C63 = {
			isa = PBXGroup;
			children = (
				7D456B7C2709CA4400BC4C63 /* Homework2 */,
				7D456B932709CA4700BC4C63 /* Homework2Tests */,
				7D456B9D2709CA4700BC4C63 /* Homework2UITests */,
				7D456B7B2709CA4400BC4C63 /* Products */,
			);
			sourceTree = "<group>";
		};
		7D456B7B2709CA4400BC4C63 /* Products */ = {
			isa = PBXGroup;
			children = (
				7D456B7A2709CA4400BC4C63 /* Homework2.app */,
				7D456B902709CA4700BC4C63 /* Homework2Tests.xctest */,
				7D456B9A2709CA4700BC4C63 /* Homework2UITests.xctest */,
			);
			name = Products;
			sourceTree = "<group>";
		};
		7D456B7C2709CA4400BC4C63 /* Homework2 */ = {
			isa = PBXGroup;
			children = (
				7D456BD4270A54F800BC4C63 /* Views */,
				7D456BC7270A296700BC4C63 /* Assets */,
				7D456BC42709ED0C00BC4C63 /* Fonts */,
				7D456BAF2709CAC100BC4C63 /* ViewControllers */,
				7D456BAE2709CAB400BC4C63 /* Model */,
				7D456BAD2709CAAC00BC4C63 /* Extensions */,
				7D456B7D2709CA4400BC4C63 /* AppDelegate.swift */,
				7D456B7F2709CA4400BC4C63 /* SceneDelegate.swift */,
				7D456B812709CA4400BC4C63 /* ViewController.swift */,
				7D456B862709CA4700BC4C63 /* Assets.xcassets */,
				7D456B882709CA4700BC4C63 /* LaunchScreen.storyboard */,
				7D456B8B2709CA4700BC4C63 /* Info.plist */,
			);
			path = Homework2;
			sourceTree = "<group>";
		};
		7D456B932709CA4700BC4C63 /* Homework2Tests */ = {
			isa = PBXGroup;
			children = (
				7D456B942709CA4700BC4C63 /* Homework2Tests.swift */,
			);
			path = Homework2Tests;
			sourceTree = "<group>";
		};
		7D456B9D2709CA4700BC4C63 /* Homework2UITests */ = {
			isa = PBXGroup;
			children = (
				7D456B9E2709CA4700BC4C63 /* Homework2UITests.swift */,
				7D456BA02709CA4700BC4C63 /* Homework2UITestsLaunchTests.swift */,
			);
			path = Homework2UITests;
			sourceTree = "<group>";
		};
		7D456BAD2709CAAC00BC4C63 /* Extensions */ = {
			isa = PBXGroup;
			children = (
				7D456BB02709CB4000BC4C63 /* UIViewController+Extensions.swift */,
				7D456BC02709D5FD00BC4C63 /* UIView+Extensions.swift */,
			);
			path = Extensions;
			sourceTree = "<group>";
		};
		7D456BAE2709CAB400BC4C63 /* Model */ = {
			isa = PBXGroup;
			children = (
				7D456BD8270A5BA300BC4C63 /* Sender.swift */,
			);
			path = Model;
			sourceTree = "<group>";
		};
		7D456BAF2709CAC100BC4C63 /* ViewControllers */ = {
			isa = PBXGroup;
			children = (
				7D456BCD270A343300BC4C63 /* MessagesVC */,
				7D456BB72709CF1C00BC4C63 /* HomeVC */,
			);
			path = ViewControllers;
			sourceTree = "<group>";
		};
		7D456BB72709CF1C00BC4C63 /* HomeVC */ = {
			isa = PBXGroup;
			children = (
				7D456BB52709CDD900BC4C63 /* HomeView.swift */,
				7D456BB22709CBC600BC4C63 /* HomeViewController.swift */,
				7D456BCA270A300D00BC4C63 /* HomeVCViewOutput.swift */,
			);
			path = HomeVC;
			sourceTree = "<group>";
		};
		7D456BC42709ED0C00BC4C63 /* Fonts */ = {
			isa = PBXGroup;
			children = (
				7D456BC22709ECE500BC4C63 /* Habibi.ttf */,
			);
			path = Fonts;
			sourceTree = "<group>";
		};
		7D456BC7270A296700BC4C63 /* Assets */ = {
			isa = PBXGroup;
			children = (
				7D456B862709CA4700BC4C63 /* Assets.xcassets */,
				7D456BC8270A29C500BC4C63 /* Color.xcassets */,
			);
			path = Assets;
			sourceTree = "<group>";
		};
		7D456BCD270A343300BC4C63 /* MessagesVC */ = {
			isa = PBXGroup;
			children = (
				7D456BCE270A345600BC4C63 /* MessagesView.swift */,
				7D456BD0270A346300BC4C63 /* MessagesViewController.swift */,
				7D456BD2270A347800BC4C63 /* MessagesVCViewOutput.swift */,
			);
			path = MessagesVC;
			sourceTree = "<group>";
		};
		7D456BD4270A54F800BC4C63 /* Views */ = {
			isa = PBXGroup;
			children = (
				7D456BD5270A551100BC4C63 /* ChatTableViewCell.swift */,
			);
			path = Views;
			sourceTree = "<group>";
		};
/* End PBXGroup section */

/* Begin PBXNativeTarget section */
		7D456B792709CA4400BC4C63 /* Homework2 */ = {
			isa = PBXNativeTarget;
			buildConfigurationList = 7D456BA42709CA4700BC4C63 /* Build configuration list for PBXNativeTarget "Homework2" */;
			buildPhases = (
				7D456B762709CA4400BC4C63 /* Sources */,
				7D456B772709CA4400BC4C63 /* Frameworks */,
				7D456B782709CA4400BC4C63 /* Resources */,
			);
			buildRules = (
			);
			dependencies = (
			);
			name = Homework2;
			productName = Homework2;
			productReference = 7D456B7A2709CA4400BC4C63 /* Homework2.app */;
			productType = "com.apple.product-type.application";
		};
		7D456B8F2709CA4700BC4C63 /* Homework2Tests */ = {
			isa = PBXNativeTarget;
			buildConfigurationList = 7D456BA72709CA4700BC4C63 /* Build configuration list for PBXNativeTarget "Homework2Tests" */;
			buildPhases = (
				7D456B8C2709CA4700BC4C63 /* Sources */,
				7D456B8D2709CA4700BC4C63 /* Frameworks */,
				7D456B8E2709CA4700BC4C63 /* Resources */,
			);
			buildRules = (
			);
			dependencies = (
				7D456B922709CA4700BC4C63 /* PBXTargetDependency */,
			);
			name = Homework2Tests;
			productName = Homework2Tests;
			productReference = 7D456B902709CA4700BC4C63 /* Homework2Tests.xctest */;
			productType = "com.apple.product-type.bundle.unit-test";
		};
		7D456B992709CA4700BC4C63 /* Homework2UITests */ = {
			isa = PBXNativeTarget;
			buildConfigurationList = 7D456BAA2709CA4700BC4C63 /* Build configuration list for PBXNativeTarget "Homework2UITests" */;
			buildPhases = (
				7D456B962709CA4700BC4C63 /* Sources */,
				7D456B972709CA4700BC4C63 /* Frameworks */,
				7D456B982709CA4700BC4C63 /* Resources */,
			);
			buildRules = (
			);
			dependencies = (
				7D456B9C2709CA4700BC4C63 /* PBXTargetDependency */,
			);
			name = Homework2UITests;
			productName = Homework2UITests;
			productReference = 7D456B9A2709CA4700BC4C63 /* Homework2UITests.xctest */;
			productType = "com.apple.product-type.bundle.ui-testing";
		};
/* End PBXNativeTarget section */

/* Begin PBXProject section */
		7D456B722709CA4400BC4C63 /* Project object */ = {
			isa = PBXProject;
			attributes = {
				BuildIndependentTargetsInParallel = 1;
				LastSwiftUpdateCheck = 1300;
				LastUpgradeCheck = 1300;
				TargetAttributes = {
					7D456B792709CA4400BC4C63 = {
						CreatedOnToolsVersion = 13.0;
					};
					7D456B8F2709CA4700BC4C63 = {
						CreatedOnToolsVersion = 13.0;
						TestTargetID = 7D456B792709CA4400BC4C63;
					};
					7D456B992709CA4700BC4C63 = {
						CreatedOnToolsVersion = 13.0;
						TestTargetID = 7D456B792709CA4400BC4C63;
					};
				};
			};
			buildConfigurationList = 7D456B752709CA4400BC4C63 /* Build configuration list for PBXProject "Homework2" */;
			compatibilityVersion = "Xcode 13.0";
			developmentRegion = en;
			hasScannedForEncodings = 0;
			knownRegions = (
				en,
				Base,
			);
			mainGroup = 7D456B712709CA4400BC4C63;
			productRefGroup = 7D456B7B2709CA4400BC4C63 /* Products */;
			projectDirPath = "";
			projectRoot = "";
			targets = (
				7D456B792709CA4400BC4C63 /* Homework2 */,
				7D456B8F2709CA4700BC4C63 /* Homework2Tests */,
				7D456B992709CA4700BC4C63 /* Homework2UITests */,
			);
		};
/* End PBXProject section */

/* Begin PBXResourcesBuildPhase section */
		7D456B782709CA4400BC4C63 /* Resources */ = {
			isa = PBXResourcesBuildPhase;
			buildActionMask = 2147483647;
			files = (
				7D456B8A2709CA4700BC4C63 /* LaunchScreen.storyboard in Resources */,
				7D456B872709CA4700BC4C63 /* Assets.xcassets in Resources */,
			);
			runOnlyForDeploymentPostprocessing = 0;
		};
		7D456B8E2709CA4700BC4C63 /* Resources */ = {
			isa = PBXResourcesBuildPhase;
			buildActionMask = 2147483647;
			files = (
			);
			runOnlyForDeploymentPostprocessing = 0;
		};
		7D456B982709CA4700BC4C63 /* Resources */ = {
			isa = PBXResourcesBuildPhase;
			buildActionMask = 2147483647;
			files = (
			);
			runOnlyForDeploymentPostprocessing = 0;
		};
/* End PBXResourcesBuildPhase section */

/* Begin PBXSourcesBuildPhase section */
		7D456B762709CA4400BC4C63 /* Sources */ = {
			isa = PBXSourcesBuildPhase;
			buildActionMask = 2147483647;
			files = (
				7D456BD9270A5BA300BC4C63 /* Sender.swift in Sources */,
				7D456BD1270A346300BC4C63 /* MessagesViewController.swift in Sources */,
				7D456BC12709D5FD00BC4C63 /* UIView+Extensions.swift in Sources */,
				7D456BB32709CBC600BC4C63 /* HomeViewController.swift in Sources */,
				7D456BD3270A347800BC4C63 /* MessagesVCViewOutput.swift in Sources */,
				7D456BCF270A345600BC4C63 /* MessagesView.swift in Sources */,
				7D456BB12709CB4000BC4C63 /* UIViewController+Extensions.swift in Sources */,
				7D456B822709CA4400BC4C63 /* ViewController.swift in Sources */,
				7D456B7E2709CA4400BC4C63 /* AppDelegate.swift in Sources */,
				7D456BD6270A551100BC4C63 /* ChatTableViewCell.swift in Sources */,
				7D456B802709CA4400BC4C63 /* SceneDelegate.swift in Sources */,
			);
			runOnlyForDeploymentPostprocessing = 0;
		};
		7D456B8C2709CA4700BC4C63 /* Sources */ = {
			isa = PBXSourcesBuildPhase;
			buildActionMask = 2147483647;
			files = (
				7D456B952709CA4700BC4C63 /* Homework2Tests.swift in Sources */,
			);
			runOnlyForDeploymentPostprocessing = 0;
		};
		7D456B962709CA4700BC4C63 /* Sources */ = {
			isa = PBXSourcesBuildPhase;
			buildActionMask = 2147483647;
			files = (
				7D456B9F2709CA4700BC4C63 /* Homework2UITests.swift in Sources */,
				7D456BA12709CA4700BC4C63 /* Homework2UITestsLaunchTests.swift in Sources */,
			);
			runOnlyForDeploymentPostprocessing = 0;
		};
/* End PBXSourcesBuildPhase section */

/* Begin PBXTargetDependency section */
		7D456B922709CA4700BC4C63 /* PBXTargetDependency */ = {
			isa = PBXTargetDependency;
			target = 7D456B792709CA4400BC4C63 /* Homework2 */;
			targetProxy = 7D456B912709CA4700BC4C63 /* PBXContainerItemProxy */;
		};
		7D456B9C2709CA4700BC4C63 /* PBXTargetDependency */ = {
			isa = PBXTargetDependency;
			target = 7D456B792709CA4400BC4C63 /* Homework2 */;
			targetProxy = 7D456B9B2709CA4700BC4C63 /* PBXContainerItemProxy */;
		};
/* End PBXTargetDependency section */

/* Begin PBXVariantGroup section */
		7D456B882709CA4700BC4C63 /* LaunchScreen.storyboard */ = {
			isa = PBXVariantGroup;
			children = (
				7D456B892709CA4700BC4C63 /* Base */,
			);
			name = LaunchScreen.storyboard;
			sourceTree = "<group>";
		};
/* End PBXVariantGroup section */

/* Begin XCBuildConfiguration section */
		7D456BA22709CA4700BC4C63 /* Debug */ = {
			isa = XCBuildConfiguration;
			buildSettings = {
				ALWAYS_SEARCH_USER_PATHS = NO;
				CLANG_ANALYZER_NONNULL = YES;
				CLANG_ANALYZER_NUMBER_OBJECT_CONVERSION = YES_AGGRESSIVE;
				CLANG_CXX_LANGUAGE_STANDARD = "gnu++17";
				CLANG_CXX_LIBRARY = "libc++";
				CLANG_ENABLE_MODULES = YES;
				CLANG_ENABLE_OBJC_ARC = YES;
				CLANG_ENABLE_OBJC_WEAK = YES;
				CLANG_WARN_BLOCK_CAPTURE_AUTORELEASING = YES;
				CLANG_WARN_BOOL_CONVERSION = YES;
				CLANG_WARN_COMMA = YES;
				CLANG_WARN_CONSTANT_CONVERSION = YES;
				CLANG_WARN_DEPRECATED_OBJC_IMPLEMENTATIONS = YES;
				CLANG_WARN_DIRECT_OBJC_ISA_USAGE = YES_ERROR;
				CLANG_WARN_DOCUMENTATION_COMMENTS = YES;
				CLANG_WARN_EMPTY_BODY = YES;
				CLANG_WARN_ENUM_CONVERSION = YES;
				CLANG_WARN_INFINITE_RECURSION = YES;
				CLANG_WARN_INT_CONVERSION = YES;
				CLANG_WARN_NON_LITERAL_NULL_CONVERSION = YES;
				CLANG_WARN_OBJC_IMPLICIT_RETAIN_SELF = YES;
				CLANG_WARN_OBJC_LITERAL_CONVERSION = YES;
				CLANG_WARN_OBJC_ROOT_CLASS = YES_ERROR;
				CLANG_WARN_QUOTED_INCLUDE_IN_FRAMEWORK_HEADER = YES;
				CLANG_WARN_RANGE_LOOP_ANALYSIS = YES;
				CLANG_WARN_STRICT_PROTOTYPES = YES;
				CLANG_WARN_SUSPICIOUS_MOVE = YES;
				CLANG_WARN_UNGUARDED_AVAILABILITY = YES_AGGRESSIVE;
				CLANG_WARN_UNREACHABLE_CODE = YES;
				CLANG_WARN__DUPLICATE_METHOD_MATCH = YES;
				COPY_PHASE_STRIP = NO;
				DEBUG_INFORMATION_FORMAT = dwarf;
				ENABLE_STRICT_OBJC_MSGSEND = YES;
				ENABLE_TESTABILITY = YES;
				GCC_C_LANGUAGE_STANDARD = gnu11;
				GCC_DYNAMIC_NO_PIC = NO;
				GCC_NO_COMMON_BLOCKS = YES;
				GCC_OPTIMIZATION_LEVEL = 0;
				GCC_PREPROCESSOR_DEFINITIONS = (
					"DEBUG=1",
					"$(inherited)",
				);
				GCC_WARN_64_TO_32_BIT_CONVERSION = YES;
				GCC_WARN_ABOUT_RETURN_TYPE = YES_ERROR;
				GCC_WARN_UNDECLARED_SELECTOR = YES;
				GCC_WARN_UNINITIALIZED_AUTOS = YES_AGGRESSIVE;
				GCC_WARN_UNUSED_FUNCTION = YES;
				GCC_WARN_UNUSED_VARIABLE = YES;
				IPHONEOS_DEPLOYMENT_TARGET = 15.0;
				MTL_ENABLE_DEBUG_INFO = INCLUDE_SOURCE;
				MTL_FAST_MATH = YES;
				ONLY_ACTIVE_ARCH = YES;
				SDKROOT = iphoneos;
				SWIFT_ACTIVE_COMPILATION_CONDITIONS = DEBUG;
				SWIFT_OPTIMIZATION_LEVEL = "-Onone";
			};
			name = Debug;
		};
		7D456BA32709CA4700BC4C63 /* Release */ = {
			isa = XCBuildConfiguration;
			buildSettings = {
				ALWAYS_SEARCH_USER_PATHS = NO;
				CLANG_ANALYZER_NONNULL = YES;
				CLANG_ANALYZER_NUMBER_OBJECT_CONVERSION = YES_AGGRESSIVE;
				CLANG_CXX_LANGUAGE_STANDARD = "gnu++17";
				CLANG_CXX_LIBRARY = "libc++";
				CLANG_ENABLE_MODULES = YES;
				CLANG_ENABLE_OBJC_ARC = YES;
				CLANG_ENABLE_OBJC_WEAK = YES;
				CLANG_WARN_BLOCK_CAPTURE_AUTORELEASING = YES;
				CLANG_WARN_BOOL_CONVERSION = YES;
				CLANG_WARN_COMMA = YES;
				CLANG_WARN_CONSTANT_CONVERSION = YES;
				CLANG_WARN_DEPRECATED_OBJC_IMPLEMENTATIONS = YES;
				CLANG_WARN_DIRECT_OBJC_ISA_USAGE = YES_ERROR;
				CLANG_WARN_DOCUMENTATION_COMMENTS = YES;
				CLANG_WARN_EMPTY_BODY = YES;
				CLANG_WARN_ENUM_CONVERSION = YES;
				CLANG_WARN_INFINITE_RECURSION = YES;
				CLANG_WARN_INT_CONVERSION = YES;
				CLANG_WARN_NON_LITERAL_NULL_CONVERSION = YES;
				CLANG_WARN_OBJC_IMPLICIT_RETAIN_SELF = YES;
				CLANG_WARN_OBJC_LITERAL_CONVERSION = YES;
				CLANG_WARN_OBJC_ROOT_CLASS = YES_ERROR;
				CLANG_WARN_QUOTED_INCLUDE_IN_FRAMEWORK_HEADER = YES;
				CLANG_WARN_RANGE_LOOP_ANALYSIS = YES;
				CLANG_WARN_STRICT_PROTOTYPES = YES;
				CLANG_WARN_SUSPICIOUS_MOVE = YES;
				CLANG_WARN_UNGUARDED_AVAILABILITY = YES_AGGRESSIVE;
				CLANG_WARN_UNREACHABLE_CODE = YES;
				CLANG_WARN__DUPLICATE_METHOD_MATCH = YES;
				COPY_PHASE_STRIP = NO;
				DEBUG_INFORMATION_FORMAT = "dwarf-with-dsym";
				ENABLE_NS_ASSERTIONS = NO;
				ENABLE_STRICT_OBJC_MSGSEND = YES;
				GCC_C_LANGUAGE_STANDARD = gnu11;
				GCC_NO_COMMON_BLOCKS = YES;
				GCC_WARN_64_TO_32_BIT_CONVERSION = YES;
				GCC_WARN_ABOUT_RETURN_TYPE = YES_ERROR;
				GCC_WARN_UNDECLARED_SELECTOR = YES;
				GCC_WARN_UNINITIALIZED_AUTOS = YES_AGGRESSIVE;
				GCC_WARN_UNUSED_FUNCTION = YES;
				GCC_WARN_UNUSED_VARIABLE = YES;
				IPHONEOS_DEPLOYMENT_TARGET = 15.0;
				MTL_ENABLE_DEBUG_INFO = NO;
				MTL_FAST_MATH = YES;
				SDKROOT = iphoneos;
				SWIFT_COMPILATION_MODE = wholemodule;
				SWIFT_OPTIMIZATION_LEVEL = "-O";
				VALIDATE_PRODUCT = YES;
			};
			name = Release;
		};
		7D456BA52709CA4700BC4C63 /* Debug */ = {
			isa = XCBuildConfiguration;
			buildSettings = {
				ASSETCATALOG_COMPILER_APPICON_NAME = AppIcon;
				ASSETCATALOG_COMPILER_GLOBAL_ACCENT_COLOR_NAME = AccentColor;
				CODE_SIGN_STYLE = Automatic;
				CURRENT_PROJECT_VERSION = 1;
				GENERATE_INFOPLIST_FILE = YES;
				INFOPLIST_FILE = Homework2/Info.plist;
				INFOPLIST_KEY_UIApplicationSupportsIndirectInputEvents = YES;
				INFOPLIST_KEY_UILaunchStoryboardName = LaunchScreen;
				INFOPLIST_KEY_UISupportedInterfaceOrientations = UIInterfaceOrientationPortrait;
				INFOPLIST_KEY_UISupportedInterfaceOrientations_iPad = "UIInterfaceOrientationPortrait UIInterfaceOrientationPortraitUpsideDown UIInterfaceOrientationLandscapeLeft UIInterfaceOrientationLandscapeRight";
				INFOPLIST_KEY_UISupportedInterfaceOrientations_iPhone = "UIInterfaceOrientationPortrait UIInterfaceOrientationLandscapeLeft UIInterfaceOrientationLandscapeRight";
				LD_RUNPATH_SEARCH_PATHS = (
					"$(inherited)",
					"@executable_path/Frameworks",
				);
				MARKETING_VERSION = 1.0;
				PRODUCT_BUNDLE_IDENTIFIER = ru.kpfu.itis.SamarinEvgenii.Homework2;
				PRODUCT_NAME = "$(TARGET_NAME)";
				SWIFT_EMIT_LOC_STRINGS = YES;
				SWIFT_VERSION = 5.0;
				TARGETED_DEVICE_FAMILY = "1,2";
			};
			name = Debug;
		};
		7D456BA62709CA4700BC4C63 /* Release */ = {
			isa = XCBuildConfiguration;
			buildSettings = {
				ASSETCATALOG_COMPILER_APPICON_NAME = AppIcon;
				ASSETCATALOG_COMPILER_GLOBAL_ACCENT_COLOR_NAME = AccentColor;
				CODE_SIGN_STYLE = Automatic;
				CURRENT_PROJECT_VERSION = 1;
				GENERATE_INFOPLIST_FILE = YES;
				INFOPLIST_FILE = Homework2/Info.plist;
				INFOPLIST_KEY_UIApplicationSupportsIndirectInputEvents = YES;
				INFOPLIST_KEY_UILaunchStoryboardName = LaunchScreen;
				INFOPLIST_KEY_UISupportedInterfaceOrientations = UIInterfaceOrientationPortrait;
				INFOPLIST_KEY_UISupportedInterfaceOrientations_iPad = "UIInterfaceOrientationPortrait UIInterfaceOrientationPortraitUpsideDown UIInterfaceOrientationLandscapeLeft UIInterfaceOrientationLandscapeRight";
				INFOPLIST_KEY_UISupportedInterfaceOrientations_iPhone = "UIInterfaceOrientationPortrait UIInterfaceOrientationLandscapeLeft UIInterfaceOrientationLandscapeRight";
				LD_RUNPATH_SEARCH_PATHS = (
					"$(inherited)",
					"@executable_path/Frameworks",
				);
				MARKETING_VERSION = 1.0;
				PRODUCT_BUNDLE_IDENTIFIER = ru.kpfu.itis.SamarinEvgenii.Homework2;
				PRODUCT_NAME = "$(TARGET_NAME)";
				SWIFT_EMIT_LOC_STRINGS = YES;
				SWIFT_VERSION = 5.0;
				TARGETED_DEVICE_FAMILY = "1,2";
			};
			name = Release;
		};
		7D456BA82709CA4700BC4C63 /* Debug */ = {
			isa = XCBuildConfiguration;
			buildSettings = {
				ALWAYS_EMBED_SWIFT_STANDARD_LIBRARIES = YES;
				BUNDLE_LOADER = "$(TEST_HOST)";
				CODE_SIGN_STYLE = Automatic;
				CURRENT_PROJECT_VERSION = 1;
				GENERATE_INFOPLIST_FILE = YES;
				IPHONEOS_DEPLOYMENT_TARGET = 15.0;
				LD_RUNPATH_SEARCH_PATHS = (
					"$(inherited)",
					"@executable_path/Frameworks",
					"@loader_path/Frameworks",
				);
				MARKETING_VERSION = 1.0;
				PRODUCT_BUNDLE_IDENTIFIER = ru.kpfu.itis.SamarinEvgenii.Homework2Tests;
				PRODUCT_NAME = "$(TARGET_NAME)";
				SWIFT_EMIT_LOC_STRINGS = NO;
				SWIFT_VERSION = 5.0;
				TARGETED_DEVICE_FAMILY = "1,2";
				TEST_HOST = "$(BUILT_PRODUCTS_DIR)/Homework2.app/Homework2";
			};
			name = Debug;
		};
		7D456BA92709CA4700BC4C63 /* Release */ = {
			isa = XCBuildConfiguration;
			buildSettings = {
				ALWAYS_EMBED_SWIFT_STANDARD_LIBRARIES = YES;
				BUNDLE_LOADER = "$(TEST_HOST)";
				CODE_SIGN_STYLE = Automatic;
				CURRENT_PROJECT_VERSION = 1;
				GENERATE_INFOPLIST_FILE = YES;
				IPHONEOS_DEPLOYMENT_TARGET = 15.0;
				LD_RUNPATH_SEARCH_PATHS = (
					"$(inherited)",
					"@executable_path/Frameworks",
					"@loader_path/Frameworks",
				);
				MARKETING_VERSION = 1.0;
				PRODUCT_BUNDLE_IDENTIFIER = ru.kpfu.itis.SamarinEvgenii.Homework2Tests;
				PRODUCT_NAME = "$(TARGET_NAME)";
				SWIFT_EMIT_LOC_STRINGS = NO;
				SWIFT_VERSION = 5.0;
				TARGETED_DEVICE_FAMILY = "1,2";
				TEST_HOST = "$(BUILT_PRODUCTS_DIR)/Homework2.app/Homework2";
			};
			name = Release;
		};
		7D456BAB2709CA4700BC4C63 /* Debug */ = {
			isa = XCBuildConfiguration;
			buildSettings = {
				ALWAYS_EMBED_SWIFT_STANDARD_LIBRARIES = YES;
				CODE_SIGN_STYLE = Automatic;
				CURRENT_PROJECT_VERSION = 1;
				GENERATE_INFOPLIST_FILE = YES;
				LD_RUNPATH_SEARCH_PATHS = (
					"$(inherited)",
					"@executable_path/Frameworks",
					"@loader_path/Frameworks",
				);
				MARKETING_VERSION = 1.0;
				PRODUCT_BUNDLE_IDENTIFIER = ru.kpfu.itis.SamarinEvgenii.Homework2UITests;
				PRODUCT_NAME = "$(TARGET_NAME)";
				SWIFT_EMIT_LOC_STRINGS = NO;
				SWIFT_VERSION = 5.0;
				TARGETED_DEVICE_FAMILY = "1,2";
				TEST_TARGET_NAME = Homework2;
			};
			name = Debug;
		};
		7D456BAC2709CA4700BC4C63 /* Release */ = {
			isa = XCBuildConfiguration;
			buildSettings = {
				ALWAYS_EMBED_SWIFT_STANDARD_LIBRARIES = YES;
				CODE_SIGN_STYLE = Automatic;
				CURRENT_PROJECT_VERSION = 1;
				GENERATE_INFOPLIST_FILE = YES;
				LD_RUNPATH_SEARCH_PATHS = (
					"$(inherited)",
					"@executable_path/Frameworks",
					"@loader_path/Frameworks",
				);
				MARKETING_VERSION = 1.0;
				PRODUCT_BUNDLE_IDENTIFIER = ru.kpfu.itis.SamarinEvgenii.Homework2UITests;
				PRODUCT_NAME = "$(TARGET_NAME)";
				SWIFT_EMIT_LOC_STRINGS = NO;
				SWIFT_VERSION = 5.0;
				TARGETED_DEVICE_FAMILY = "1,2";
				TEST_TARGET_NAME = Homework2;
			};
			name = Release;
		};
/* End XCBuildConfiguration section */

/* Begin XCConfigurationList section */
		7D456B752709CA4400BC4C63 /* Build configuration list for PBXProject "Homework2" */ = {
			isa = XCConfigurationList;
			buildConfigurations = (
				7D456BA22709CA4700BC4C63 /* Debug */,
				7D456BA32709CA4700BC4C63 /* Release */,
			);
			defaultConfigurationIsVisible = 0;
			defaultConfigurationName = Release;
		};
		7D456BA42709CA4700BC4C63 /* Build configuration list for PBXNativeTarget "Homework2" */ = {
			isa = XCConfigurationList;
			buildConfigurations = (
				7D456BA52709CA4700BC4C63 /* Debug */,
				7D456BA62709CA4700BC4C63 /* Release */,
			);
			defaultConfigurationIsVisible = 0;
			defaultConfigurationName = Release;
		};
		7D456BA72709CA4700BC4C63 /* Build configuration list for PBXNativeTarget "Homework2Tests" */ = {
			isa = XCConfigurationList;
			buildConfigurations = (
				7D456BA82709CA4700BC4C63 /* Debug */,
				7D456BA92709CA4700BC4C63 /* Release */,
			);
			defaultConfigurationIsVisible = 0;
			defaultConfigurationName = Release;
		};
		7D456BAA2709CA4700BC4C63 /* Build configuration list for PBXNativeTarget "Homework2UITests" */ = {
			isa = XCConfigurationList;
			buildConfigurations = (
				7D456BAB2709CA4700BC4C63 /* Debug */,
				7D456BAC2709CA4700BC4C63 /* Release */,
			);
			defaultConfigurationIsVisible = 0;
			defaultConfigurationName = Release;
		};
/* End XCConfigurationList section */
	};
	rootObject = 7D456B722709CA4400BC4C63 /* Project object */;
}
